
Microsoft Visual Studio Solution File, Format Version 12.00
# Visual Studio Version 16
VisualStudioVersion = 16.0.30011.22
MinimumVisualStudioVersion = 10.0.40219.1
Project("{FAE04EC0-301F-11D3-BF4B-00C04F79EFBC}") = "AppMvcBasica", "AppMvcBasica\AppMvcBasica.csproj", "{032F47F8-5F98-4A98-A6CF-B85DBEDAFA71}"
EndProject
Global
	GlobalSection(SolutionConfigurationPlatforms) = preSolution
		Debug|Any CPU = Debug|Any CPU
		Release|Any CPU = Release|Any CPU
	EndGlobalSection
	GlobalSection(ProjectConfigurationPlatforms) = postSolution
		{032F47F8-5F98-4A98-A6CF-B85DBEDAFA71}.Debug|Any CPU.ActiveCfg = Debug|Any CPU
		{032F47F8-5F98-4A98-A6CF-B85DBEDAFA71}.Debug|Any CPU.Build.0 = Debug|Any CPU
		{032F47F8-5F98-4A98-A6CF-B85DBEDAFA71}.Release|Any CPU.ActiveCfg = Release|Any CPU
		{032F47F8-5F98-4A98-A6CF-B85DBEDAFA71}.Release|Any CPU.Build.0 = Release|Any CPU
	EndGlobalSection
	GlobalSection(SolutionProperties) = preSolution
		HideSolutionNode = FALSE
	EndGlobalSection
	GlobalSection(ExtensibilityGlobals) = postSolution
		SolutionGuid = {AAAB5194-B3CF-48BC-90B8-802B349B4A9B}
	EndGlobalSection
EndGlobal
